
Microsoft Visual Studio Solution File, Format Version 12.00
# Visual Studio Version 17
VisualStudioVersion = 17.14.36511.14 d17.14
MinimumVisualStudioVersion = 10.0.40219.1
Project("{FAE04EC0-301F-11D3-BF4B-00C04F79EFBC}") = "Roblox.Data.Tool", "Roblox.Data.Tool\Roblox.Data.Tool.csproj", "{55C772A1-06F6-45B3-BDD9-27FCBB1F7F88}"
EndProject
Global
	GlobalSection(SolutionConfigurationPlatforms) = preSolution
		Debug|Any CPU = Debug|Any CPU
		Release|Any CPU = Release|Any CPU
	EndGlobalSection
	GlobalSection(ProjectConfigurationPlatforms) = postSolution
		{55C772A1-06F6-45B3-BDD9-27FCBB1F7F88}.Debug|Any CPU.ActiveCfg = Debug|Any CPU
		{55C772A1-06F6-45B3-BDD9-27FCBB1F7F88}.Debug|Any CPU.Build.0 = Debug|Any CPU
		{55C772A1-06F6-45B3-BDD9-27FCBB1F7F88}.Release|Any CPU.ActiveCfg = Release|Any CPU
		{55C772A1-06F6-45B3-BDD9-27FCBB1F7F88}.Release|Any CPU.Build.0 = Release|Any CPU
	EndGlobalSection
	GlobalSection(SolutionProperties) = preSolution
		HideSolutionNode = FALSE
	EndGlobalSection
	GlobalSection(ExtensibilityGlobals) = postSolution
		SolutionGuid = {D3ADDF43-9579-40DE-8892-B1400292CC94}
	EndGlobalSection
EndGlobal
